// !$*UTF8*$!
{
	archiveVersion = 1;
	classes = {
	};
	objectVersion = 48;
	objects = {

/* Begin PBXBuildFile section */
		3BFF98A21F90384700E35521 /* AppDelegate.swift in Sources */ = {isa = PBXBuildFile; fileRef = 3BFF98A11F90384700E35521 /* AppDelegate.swift */; };
		3BFF98A41F90384700E35521 /* ViewController.swift in Sources */ = {isa = PBXBuildFile; fileRef = 3BFF98A31F90384700E35521 /* ViewController.swift */; };
		3BFF98A71F90384700E35521 /* Main.storyboard in Resources */ = {isa = PBXBuildFile; fileRef = 3BFF98A51F90384700E35521 /* Main.storyboard */; };
		3BFF98A91F90384700E35521 /* Assets.xcassets in Resources */ = {isa = PBXBuildFile; fileRef = 3BFF98A81F90384700E35521 /* Assets.xcassets */; };
		3BFF98AC1F90384700E35521 /* LaunchScreen.storyboard in Resources */ = {isa = PBXBuildFile; fileRef = 3BFF98AA1F90384700E35521 /* LaunchScreen.storyboard */; };
		3BFF98B71F90384700E35521 /* sendDataWithSegueTests.swift in Sources */ = {isa = PBXBuildFile; fileRef = 3BFF98B61F90384700E35521 /* sendDataWithSegueTests.swift */; };
/* End PBXBuildFile section */

/* Begin PBXContainerItemProxy section */
		3BFF98B31F90384700E35521 /* PBXContainerItemProxy */ = {
			isa = PBXContainerItemProxy;
			containerPortal = 3BFF98961F90384700E35521 /* Project object */;
			proxyType = 1;
			remoteGlobalIDString = 3BFF989D1F90384700E35521;
			remoteInfo = sendDataWithSegue;
		};
/* End PBXContainerItemProxy section */

/* Begin PBXFileReference section */
		3BFF989E1F90384700E35521 /* sendDataWithSegue.app */ = {isa = PBXFileReference; explicitFileType = wrapper.application; includeInIndex = 0; path = sendDataWithSegue.app; sourceTree = BUILT_PRODUCTS_DIR; };
		3BFF98A11F90384700E35521 /* AppDelegate.swift */ = {isa = PBXFileReference; lastKnownFileType = sourcecode.swift; path = AppDelegate.swift; sourceTree = "<group>"; };
		3BFF98A31F90384700E35521 /* ViewController.swift */ = {isa = PBXFileReference; lastKnownFileType = sourcecode.swift; path = ViewController.swift; sourceTree = "<group>"; };
		3BFF98A61F90384700E35521 /* Base */ = {isa = PBXFileReference; lastKnownFileType = file.storyboard; name = Base; path = Base.lproj/Main.storyboard; sourceTree = "<group>"; };
		3BFF98A81F90384700E35521 /* Assets.xcassets */ = {isa = PBXFileReference; lastKnownFileType = folder.assetcatalog; path = Assets.xcassets; sourceTree = "<group>"; };
		3BFF98AB1F90384700E35521 /* Base */ = {isa = PBXFileReference; lastKnownFileType = file.storyboard; name = Base; path = Base.lproj/LaunchScreen.storyboard; sourceTree = "<group>"; };
		3BFF98AD1F90384700E35521 /* Info.plist */ = {isa = PBXFileReference; lastKnownFileType = text.plist.xml; path = Info.plist; sourceTree = "<group>"; };
		3BFF98B21F90384700E35521 /* sendDataWithSegueTests.xctest */ = {isa = PBXFileReference; explicitFileType = wrapper.cfbundle; includeInIndex = 0; path = sendDataWithSegueTests.xctest; sourceTree = BUILT_PRODUCTS_DIR; };
		3BFF98B61F90384700E35521 /* sendDataWithSegueTests.swift */ = {isa = PBXFileReference; lastKnownFileType = sourcecode.swift; path = sendDataWithSegueTests.swift; sourceTree = "<group>"; };
		3BFF98B81F90384700E35521 /* Info.plist */ = {isa = PBXFileReference; lastKnownFileType = text.plist.xml; path = Info.plist; sourceTree = "<group>"; };
/* End PBXFileReference section */

/* Begin PBXFrameworksBuildPhase section */
		3BFF989B1F90384700E35521 /* Frameworks */ = {
			isa = PBXFrameworksBuildPhase;
			buildActionMask = 2147483647;
			files = (
			);
			runOnlyForDeploymentPostprocessing = 0;
		};
		3BFF98AF1F90384700E35521 /* Frameworks */ = {
			isa = PBXFrameworksBuildPhase;
			buildActionMask = 2147483647;
			files = (
			);
			runOnlyForDeploymentPostprocessing = 0;
		};
/* End PBXFrameworksBuildPhase section */

/* Begin PBXGroup section */
		3BFF98951F90384700E35521 = {
			isa = PBXGroup;
			children = (
				3BFF98A01F90384700E35521 /* sendDataWithSegue */,
				3BFF98B51F90384700E35521 /* sendDataWithSegueTests */,
				3BFF989F1F90384700E35521 /* Products */,
			);
			sourceTree = "<group>";
		};
		3BFF989F1F90384700E35521 /* Products */ = {
			isa = PBXGroup;
			children = (
				3BFF989E1F90384700E35521 /* sendDataWithSegue.app */,
				3BFF98B21F90384700E35521 /* sendDataWithSegueTests.xctest */,
			);
			name = Products;
			sourceTree = "<group>";
		};
		3BFF98A01F90384700E35521 /* sendDataWithSegue */ = {
			isa = PBXGroup;
			children = (
				3BFF98A11F90384700E35521 /* AppDelegate.swift */,
				3BFF98A31F90384700E35521 /* ViewController.swift */,
				3BFF98A51F90384700E35521 /* Main.storyboard */,
				3BFF98A81F90384700E35521 /* Assets.xcassets */,
				3BFF98AA1F90384700E35521 /* LaunchScreen.storyboard */,
				3BFF98AD1F90384700E35521 /* Info.plist */,
			);
			path = sendDataWithSegue;
			sourceTree = "<group>";
		};
		3BFF98B51F90384700E35521 /* sendDataWithSegueTests */ = {
			isa = PBXGroup;
			children = (
				3BFF98B61F90384700E35521 /* sendDataWithSegueTests.swift */,
				3BFF98B81F90384700E35521 /* Info.plist */,
			);
			path = sendDataWithSegueTests;
			sourceTree = "<group>";
		};
/* End PBXGroup section */

/* Begin PBXNativeTarget section */
		3BFF989D1F90384700E35521 /* sendDataWithSegue */ = {
			isa = PBXNativeTarget;
			buildConfigurationList = 3BFF98BB1F90384700E35521 /* Build configuration list for PBXNativeTarget "sendDataWithSegue" */;
			buildPhases = (
				3BFF989A1F90384700E35521 /* Sources */,
				3BFF989B1F90384700E35521 /* Frameworks */,
				3BFF989C1F90384700E35521 /* Resources */,
			);
			buildRules = (
			);
			dependencies = (
			);
			name = sendDataWithSegue;
			productName = sendDataWithSegue;
			productReference = 3BFF989E1F90384700E35521 /* sendDataWithSegue.app */;
			productType = "com.apple.product-type.application";
		};
		3BFF98B11F90384700E35521 /* sendDataWithSegueTests */ = {
			isa = PBXNativeTarget;
			buildConfigurationList = 3BFF98BE1F90384700E35521 /* Build configuration list for PBXNativeTarget "sendDataWithSegueTests" */;
			buildPhases = (
				3BFF98AE1F90384700E35521 /* Sources */,
				3BFF98AF1F90384700E35521 /* Frameworks */,
				3BFF98B01F90384700E35521 /* Resources */,
			);
			buildRules = (
			);
			dependencies = (
				3BFF98B41F90384700E35521 /* PBXTargetDependency */,
			);
			name = sendDataWithSegueTests;
			productName = sendDataWithSegueTests;
			productReference = 3BFF98B21F90384700E35521 /* sendDataWithSegueTests.xctest */;
			productType = "com.apple.product-type.bundle.unit-test";
		};
/* End PBXNativeTarget section */

/* Begin PBXProject section */
		3BFF98961F90384700E35521 /* Project object */ = {
			isa = PBXProject;
			attributes = {
				LastSwiftUpdateCheck = 0900;
				LastUpgradeCheck = 0900;
				ORGANIZATIONNAME = Luyen;
				TargetAttributes = {
					3BFF989D1F90384700E35521 = {
						CreatedOnToolsVersion = 9.0;
						ProvisioningStyle = Automatic;
					};
					3BFF98B11F90384700E35521 = {
						CreatedOnToolsVersion = 9.0;
						ProvisioningStyle = Automatic;
						TestTargetID = 3BFF989D1F90384700E35521;
					};
				};
			};
			buildConfigurationList = 3BFF98991F90384700E35521 /* Build configuration list for PBXProject "sendDataWithSegue" */;
			compatibilityVersion = "Xcode 8.0";
			developmentRegion = en;
			hasScannedForEncodings = 0;
			knownRegions = (
				en,
				Base,
			);
			mainGroup = 3BFF98951F90384700E35521;
			productRefGroup = 3BFF989F1F90384700E35521 /* Products */;
			projectDirPath = "";
			projectRoot = "";
			targets = (
				3BFF989D1F90384700E35521 /* sendDataWithSegue */,
				3BFF98B11F90384700E35521 /* sendDataWithSegueTests */,
			);
		};
/* End PBXProject section */

/* Begin PBXResourcesBuildPhase section */
		3BFF989C1F90384700E35521 /* Resources */ = {
			isa = PBXResourcesBuildPhase;
			buildActionMask = 2147483647;
			files = (
				3BFF98AC1F90384700E35521 /* LaunchScreen.storyboard in Resources */,
				3BFF98A91F90384700E35521 /* Assets.xcassets in Resources */,
				3BFF98A71F90384700E35521 /* Main.storyboard in Resources */,
			);
			runOnlyForDeploymentPostprocessing = 0;
		};
		3BFF98B01F90384700E35521 /* Resources */ = {
			isa = PBXResourcesBuildPhase;
			buildActionMask = 2147483647;
			files = (
			);
			runOnlyForDeploymentPostprocessing = 0;
		};
/* End PBXResourcesBuildPhase section */

/* Begin PBXSourcesBuildPhase section */
		3BFF989A1F90384700E35521 /* Sources */ = {
			isa = PBXSourcesBuildPhase;
			buildActionMask = 2147483647;
			files = (
				3BFF98A41F90384700E35521 /* ViewController.swift in Sources */,
				3BFF98A21F90384700E35521 /* AppDelegate.swift in Sources */,
			);
			runOnlyForDeploymentPostprocessing = 0;
		};
		3BFF98AE1F90384700E35521 /* Sources */ = {
			isa = PBXSourcesBuildPhase;
			buildActionMask = 2147483647;
			files = (
				3BFF98B71F90384700E35521 /* sendDataWithSegueTests.swift in Sources */,
			);
			runOnlyForDeploymentPostprocessing = 0;
		};
/* End PBXSourcesBuildPhase section */

/* Begin PBXTargetDependency section */
		3BFF98B41F90384700E35521 /* PBXTargetDependency */ = {
			isa = PBXTargetDependency;
			target = 3BFF989D1F90384700E35521 /* sendDataWithSegue */;
			targetProxy = 3BFF98B31F90384700E35521 /* PBXContainerItemProxy */;
		};
/* End PBXTargetDependency section */

/* Begin PBXVariantGroup section */
		3BFF98A51F90384700E35521 /* Main.storyboard */ = {
			isa = PBXVariantGroup;
			children = (
				3BFF98A61F90384700E35521 /* Base */,
			);
			name = Main.storyboard;
			sourceTree = "<group>";
		};
		3BFF98AA1F90384700E35521 /* LaunchScreen.storyboard */ = {
			isa = PBXVariantGroup;
			children = (
				3BFF98AB1F90384700E35521 /* Base */,
			);
			name = LaunchScreen.storyboard;
			sourceTree = "<group>";
		};
/* End PBXVariantGroup section */

/* Begin XCBuildConfiguration section */
		3BFF98B91F90384700E35521 /* Debug */ = {
			isa = XCBuildConfiguration;
			buildSettings = {
				ALWAYS_SEARCH_USER_PATHS = NO;
				CLANG_ANALYZER_NONNULL = YES;
				CLANG_ANALYZER_NUMBER_OBJECT_CONVERSION = YES_AGGRESSIVE;
				CLANG_CXX_LANGUAGE_STANDARD = "gnu++14";
				CLANG_CXX_LIBRARY = "libc++";
				CLANG_ENABLE_MODULES = YES;
				CLANG_ENABLE_OBJC_ARC = YES;
				CLANG_WARN_BLOCK_CAPTURE_AUTORELEASING = YES;
				CLANG_WARN_BOOL_CONVERSION = YES;
				CLANG_WARN_COMMA = YES;
				CLANG_WARN_CONSTANT_CONVERSION = YES;
				CLANG_WARN_DIRECT_OBJC_ISA_USAGE = YES_ERROR;
				CLANG_WARN_DOCUMENTATION_COMMENTS = YES;
				CLANG_WARN_EMPTY_BODY = YES;
				CLANG_WARN_ENUM_CONVERSION = YES;
				CLANG_WARN_INFINITE_RECURSION = YES;
				CLANG_WARN_INT_CONVERSION = YES;
				CLANG_WARN_NON_LITERAL_NULL_CONVERSION = YES;
				CLANG_WARN_OBJC_LITERAL_CONVERSION = YES;
				CLANG_WARN_OBJC_ROOT_CLASS = YES_ERROR;
				CLANG_WARN_RANGE_LOOP_ANALYSIS = YES;
				CLANG_WARN_STRICT_PROTOTYPES = YES;
				CLANG_WARN_SUSPICIOUS_MOVE = YES;
				CLANG_WARN_UNGUARDED_AVAILABILITY = YES_AGGRESSIVE;
				CLANG_WARN_UNREACHABLE_CODE = YES;
				CLANG_WARN__DUPLICATE_METHOD_MATCH = YES;
				CODE_SIGN_IDENTITY = "iPhone Developer";
				COPY_PHASE_STRIP = NO;
				DEBUG_INFORMATION_FORMAT = dwarf;
				ENABLE_STRICT_OBJC_MSGSEND = YES;
				ENABLE_TESTABILITY = YES;
				GCC_C_LANGUAGE_STANDARD = gnu11;
				GCC_DYNAMIC_NO_PIC = NO;
				GCC_NO_COMMON_BLOCKS = YES;
				GCC_OPTIMIZATION_LEVEL = 0;
				GCC_PREPROCESSOR_DEFINITIONS = (
					"DEBUG=1",
					"$(inherited)",
				);
				GCC_WARN_64_TO_32_BIT_CONVERSION = YES;
				GCC_WARN_ABOUT_RETURN_TYPE = YES_ERROR;
				GCC_WARN_UNDECLARED_SELECTOR = YES;
				GCC_WARN_UNINITIALIZED_AUTOS = YES_AGGRESSIVE;
				GCC_WARN_UNUSED_FUNCTION = YES;
				GCC_WARN_UNUSED_VARIABLE = YES;
				IPHONEOS_DEPLOYMENT_TARGET = 11.0;
				MTL_ENABLE_DEBUG_INFO = YES;
				ONLY_ACTIVE_ARCH = YES;
				SDKROOT = iphoneos;
				SWIFT_ACTIVE_COMPILATION_CONDITIONS = DEBUG;
				SWIFT_OPTIMIZATION_LEVEL = "-Onone";
			};
			name = Debug;
		};
		3BFF98BA1F90384700E35521 /* Release */ = {
			isa = XCBuildConfiguration;
			buildSettings = {
				ALWAYS_SEARCH_USER_PATHS = NO;
				CLANG_ANALYZER_NONNULL = YES;
				CLANG_ANALYZER_NUMBER_OBJECT_CONVERSION = YES_AGGRESSIVE;
				CLANG_CXX_LANGUAGE_STANDARD = "gnu++14";
				CLANG_CXX_LIBRARY = "libc++";
				CLANG_ENABLE_MODULES = YES;
				CLANG_ENABLE_OBJC_ARC = YES;
				CLANG_WARN_BLOCK_CAPTURE_AUTORELEASING = YES;
				CLANG_WARN_BOOL_CONVERSION = YES;
				CLANG_WARN_COMMA = YES;
				CLANG_WARN_CONSTANT_CONVERSION = YES;
				CLANG_WARN_DIRECT_OBJC_ISA_USAGE = YES_ERROR;
				CLANG_WARN_DOCUMENTATION_COMMENTS = YES;
				CLANG_WARN_EMPTY_BODY = YES;
				CLANG_WARN_ENUM_CONVERSION = YES;
				CLANG_WARN_INFINITE_RECURSION = YES;
				CLANG_WARN_INT_CONVERSION = YES;
				CLANG_WARN_NON_LITERAL_NULL_CONVERSION = YES;
				CLANG_WARN_OBJC_LITERAL_CONVERSION = YES;
				CLANG_WARN_OBJC_ROOT_CLASS = YES_ERROR;
				CLANG_WARN_RANGE_LOOP_ANALYSIS = YES;
				CLANG_WARN_STRICT_PROTOTYPES = YES;
				CLANG_WARN_SUSPICIOUS_MOVE = YES;
				CLANG_WARN_UNGUARDED_AVAILABILITY = YES_AGGRESSIVE;
				CLANG_WARN_UNREACHABLE_CODE = YES;
				CLANG_WARN__DUPLICATE_METHOD_MATCH = YES;
				CODE_SIGN_IDENTITY = "iPhone Developer";
				COPY_PHASE_STRIP = NO;
				DEBUG_INFORMATION_FORMAT = "dwarf-with-dsym";
				ENABLE_NS_ASSERTIONS = NO;
				ENABLE_STRICT_OBJC_MSGSEND = YES;
				GCC_C_LANGUAGE_STANDARD = gnu11;
				GCC_NO_COMMON_BLOCKS = YES;
				GCC_WARN_64_TO_32_BIT_CONVERSION = YES;
				GCC_WARN_ABOUT_RETURN_TYPE = YES_ERROR;
				GCC_WARN_UNDECLARED_SELECTOR = YES;
				GCC_WARN_UNINITIALIZED_AUTOS = YES_AGGRESSIVE;
				GCC_WARN_UNUSED_FUNCTION = YES;
				GCC_WARN_UNUSED_VARIABLE = YES;
				IPHONEOS_DEPLOYMENT_TARGET = 11.0;
				MTL_ENABLE_DEBUG_INFO = NO;
				SDKROOT = iphoneos;
				SWIFT_OPTIMIZATION_LEVEL = "-Owholemodule";
				VALIDATE_PRODUCT = YES;
			};
			name = Release;
		};
		3BFF98BC1F90384700E35521 /* Debug */ = {
			isa = XCBuildConfiguration;
			buildSettings = {
				ASSETCATALOG_COMPILER_APPICON_NAME = AppIcon;
				CODE_SIGN_STYLE = Automatic;
				INFOPLIST_FILE = sendDataWithSegue/Info.plist;
				LD_RUNPATH_SEARCH_PATHS = "$(inherited) @executable_path/Frameworks";
				PRODUCT_BUNDLE_IDENTIFIER = luyen.sendDataWithSegue;
				PRODUCT_NAME = "$(TARGET_NAME)";
				SWIFT_VERSION = 4.0;
				TARGETED_DEVICE_FAMILY = "1,2";
			};
			name = Debug;
		};
		3BFF98BD1F90384700E35521 /* Release */ = {
			isa = XCBuildConfiguration;
			buildSettings = {
				ASSETCATALOG_COMPILER_APPICON_NAME = AppIcon;
				CODE_SIGN_STYLE = Automatic;
				INFOPLIST_FILE = sendDataWithSegue/Info.plist;
				LD_RUNPATH_SEARCH_PATHS = "$(inherited) @executable_path/Frameworks";
				PRODUCT_BUNDLE_IDENTIFIER = luyen.sendDataWithSegue;
				PRODUCT_NAME = "$(TARGET_NAME)";
				SWIFT_VERSION = 4.0;
				TARGETED_DEVICE_FAMILY = "1,2";
			};
			name = Release;
		};
		3BFF98BF1F90384700E35521 /* Debug */ = {
			isa = XCBuildConfiguration;
			buildSettings = {
				ALWAYS_EMBED_SWIFT_STANDARD_LIBRARIES = YES;
				BUNDLE_LOADER = "$(TEST_HOST)";
				CODE_SIGN_STYLE = Automatic;
				INFOPLIST_FILE = sendDataWithSegueTests/Info.plist;
				LD_RUNPATH_SEARCH_PATHS = "$(inherited) @executable_path/Frameworks @loader_path/Frameworks";
				PRODUCT_BUNDLE_IDENTIFIER = luyen.sendDataWithSegueTests;
				PRODUCT_NAME = "$(TARGET_NAME)";
				SWIFT_VERSION = 4.0;
				TARGETED_DEVICE_FAMILY = "1,2";
				TEST_HOST = "$(BUILT_PRODUCTS_DIR)/sendDataWithSegue.app/sendDataWithSegue";
			};
			name = Debug;
		};
		3BFF98C01F90384700E35521 /* Release */ = {
			isa = XCBuildConfiguration;
			buildSettings = {
				ALWAYS_EMBED_SWIFT_STANDARD_LIBRARIES = YES;
				BUNDLE_LOADER = "$(TEST_HOST)";
				CODE_SIGN_STYLE = Automatic;
				INFOPLIST_FILE = sendDataWithSegueTests/Info.plist;
				LD_RUNPATH_SEARCH_PATHS = "$(inherited) @executable_path/Frameworks @loader_path/Frameworks";
				PRODUCT_BUNDLE_IDENTIFIER = luyen.sendDataWithSegueTests;
				PRODUCT_NAME = "$(TARGET_NAME)";
				SWIFT_VERSION = 4.0;
				TARGETED_DEVICE_FAMILY = "1,2";
				TEST_HOST = "$(BUILT_PRODUCTS_DIR)/sendDataWithSegue.app/sendDataWithSegue";
			};
			name = Release;
		};
/* End XCBuildConfiguration section */

/* Begin XCConfigurationList section */
		3BFF98991F90384700E35521 /* Build configuration list for PBXProject "sendDataWithSegue" */ = {
			isa = XCConfigurationList;
			buildConfigurations = (
				3BFF98B91F90384700E35521 /* Debug */,
				3BFF98BA1F90384700E35521 /* Release */,
			);
			defaultConfigurationIsVisible = 0;
			defaultConfigurationName = Release;
		};
		3BFF98BB1F90384700E35521 /* Build configuration list for PBXNativeTarget "sendDataWithSegue" */ = {
			isa = XCConfigurationList;
			buildConfigurations = (
				3BFF98BC1F90384700E35521 /* Debug */,
				3BFF98BD1F90384700E35521 /* Release */,
			);
			defaultConfigurationIsVisible = 0;
			defaultConfigurationName = Release;
		};
		3BFF98BE1F90384700E35521 /* Build configuration list for PBXNativeTarget "sendDataWithSegueTests" */ = {
			isa = XCConfigurationList;
			buildConfigurations = (
				3BFF98BF1F90384700E35521 /* Debug */,
				3BFF98C01F90384700E35521 /* Release */,
			);
			defaultConfigurationIsVisible = 0;
			defaultConfigurationName = Release;
		};
/* End XCConfigurationList section */
	};
	rootObject = 3BFF98961F90384700E35521 /* Project object */;
}
